
Microsoft Visual Studio Solution File, Format Version 12.00
# Visual Studio Version 17
VisualStudioVersion = 17.9.34902.65
MinimumVisualStudioVersion = 10.0.40219.1
Project("{8BC9CEB8-8B4A-11D0-8D11-00A0C91BC942}") = "Engine", "Engine\Engine.vcxproj", "{583BC790-534D-40F2-848D-C7E12024A990}"
EndProject
Global
	GlobalSection(SolutionConfigurationPlatforms) = preSolution
		Debug|x64 = Debug|x64
		Debug|x86 = Debug|x86
		Release|x64 = Release|x64
		Release|x86 = Release|x86
	EndGlobalSection
	GlobalSection(ProjectConfigurationPlatforms) = postSolution
		{583BC790-534D-40F2-848D-C7E12024A990}.Debug|x64.ActiveCfg = Debug|x64
		{583BC790-534D-40F2-848D-C7E12024A990}.Debug|x64.Build.0 = Debug|x64
		{583BC790-534D-40F2-848D-C7E12024A990}.Debug|x86.ActiveCfg = Debug|Win32
		{583BC790-534D-40F2-848D-C7E12024A990}.Debug|x86.Build.0 = Debug|Win32
		{583BC790-534D-40F2-848D-C7E12024A990}.Release|x64.ActiveCfg = Release|x64
		{583BC790-534D-40F2-848D-C7E12024A990}.Release|x64.Build.0 = Release|x64
		{583BC790-534D-40F2-848D-C7E12024A990}.Release|x86.ActiveCfg = Release|Win32
		{583BC790-534D-40F2-848D-C7E12024A990}.Release|x86.Build.0 = Release|Win32
	EndGlobalSection
	GlobalSection(SolutionProperties) = preSolution
		HideSolutionNode = FALSE
	EndGlobalSection
	GlobalSection(ExtensibilityGlobals) = postSolution
		SolutionGuid = {A164B2A0-EF37-4BAD-BD7A-2392FA50E0FA}
	EndGlobalSection
EndGlobal
